{
  "version": 4,
  "terraform_version": "1.4.2",
  "serial": 561,
  "lineage": "6ea6e050-291b-b34b-32a6-cd802aabae7e",
  "outputs": {
    "aws_instance_public_dns": {
      "value": "nginx-web-alb-163491784.ap-southeast-1.elb.amazonaws.com",
      "type": "string"
    }
  },
  "resources": [
    {
      "mode": "data",
      "type": "aws_availability_zones",
      "name": "available",
      "provider": "provider[\"registry.terraform.io/hashicorp/aws\"]",
      "instances": [
        {
          "schema_version": 0,
          "attributes": {
            "all_availability_zones": null,
            "exclude_names": null,
            "exclude_zone_ids": null,
            "filter": null,
            "group_names": [
              "ap-southeast-1"
            ],
            "id": "ap-southeast-1",
            "names": [
              "ap-southeast-1a",
              "ap-southeast-1b",
              "ap-southeast-1c"
            ],
            "state": "available",
            "timeouts": null,
            "zone_ids": [
              "apse1-az2",
              "apse1-az1",
              "apse1-az3"
            ]
          },
          "sensitive_attributes": []
        }
      ]
    },
    {
      "mode": "data",
      "type": "aws_ssm_parameter",
      "name": "ami",
      "provider": "provider[\"registry.terraform.io/hashicorp/aws\"]",
      "instances": [
        {
          "schema_version": 0,
          "attributes": {
            "arn": "arn:aws:ssm:ap-southeast-1::parameter/aws/service/ami-amazon-linux-latest/amzn2-ami-hvm-x86_64-gp2",
            "id": "/aws/service/ami-amazon-linux-latest/amzn2-ami-hvm-x86_64-gp2",
            "name": "/aws/service/ami-amazon-linux-latest/amzn2-ami-hvm-x86_64-gp2",
            "type": "String",
            "value": "ami-0fa35f2ec602fa168",
            "version": 84,
            "with_decryption": true
          },
          "sensitive_attributes": []
        }
      ]
    },
    {
      "mode": "data",
      "type": "template_file",
      "name": "user_data",
      "provider": "provider[\"registry.terraform.io/hashicorp/template\"]",
      "instances": [
        {
          "schema_version": 0,
          "attributes": {
            "filename": null,
            "id": "9470041335a9e60ef98673310d99a0a3f9e3cb8cb60457dd7089ecb398cb7f81",
            "rendered": "  #!/bin/bash\r\n    sudo yum install aws-cli -y\r\n    sudo yum update -y\r\n    sudo amazon-linux-extras install -y nginx1\r\n    sudo amazon-linux-extras install epel\r\n    sudo yum install nodejs\r\n    sudo amazon-linux-extras enable nginx1\r\n    sudo systemctl enable nginx\r\n    sudo systemctl start nginx\r\n    aws s3 cp s3://projecttoppan-47462/website/index.html /home/ec2-user/index.html\r\n    aws s3 cp s3://projecttoppan-47462/website/style.css /home/ec2-user/style.css\r\n    aws s3 cp s3://projecttoppan-47462/website/app.js /home/ec2-user/app.js\r\n    sudo rm /usr/share/nginx/html1/index.html\r\n    sudo cp /home/ec2-user/index.html /usr/share/nginx/html/index.html\r\n    sudo cp /home/ec2-user/style.css /usr/share/nginx/html/style.css\r\n    sudo cp /home/ec2-user/app.js /usr/share/nginx/html/app.js\r\n    sudo chmod -R 755 /usr/share/nginx/html/*\r\n    sudo \r\n",
            "template": "  #!/bin/bash\r\n    sudo yum install aws-cli -y\r\n    sudo yum update -y\r\n    sudo amazon-linux-extras install -y nginx1\r\n    sudo amazon-linux-extras install epel\r\n    sudo yum install nodejs\r\n    sudo amazon-linux-extras enable nginx1\r\n    sudo systemctl enable nginx\r\n    sudo systemctl start nginx\r\n    aws s3 cp s3://projecttoppan-47462/website/index.html /home/ec2-user/index.html\r\n    aws s3 cp s3://projecttoppan-47462/website/style.css /home/ec2-user/style.css\r\n    aws s3 cp s3://projecttoppan-47462/website/app.js /home/ec2-user/app.js\r\n    sudo rm /usr/share/nginx/html1/index.html\r\n    sudo cp /home/ec2-user/index.html /usr/share/nginx/html/index.html\r\n    sudo cp /home/ec2-user/style.css /usr/share/nginx/html/style.css\r\n    sudo cp /home/ec2-user/app.js /usr/share/nginx/html/app.js\r\n    sudo chmod -R 755 /usr/share/nginx/html/*\r\n    sudo \r\n",
            "vars": null
          },
          "sensitive_attributes": []
        }
      ]
    },
    {
      "mode": "managed",
      "type": "aws_autoscaling_attachment",
      "name": "nginx_asg_attachment",
      "provider": "provider[\"registry.terraform.io/hashicorp/aws\"]",
      "instances": [
        {
          "schema_version": 0,
          "attributes": {
            "alb_target_group_arn": null,
            "autoscaling_group_name": "nginx_asg",
            "elb": null,
            "id": "nginx_asg-20230410140308395700000001",
            "lb_target_group_arn": "arn:aws:elasticloadbalancing:ap-southeast-1:011504625346:targetgroup/nginx-alb-tg/f9fc4169a34954a8"
          },
          "sensitive_attributes": [],
          "private": "bnVsbA==",
          "dependencies": [
            "aws_autoscaling_group.nginx_asg",
            "aws_lb_target_group.nginx"
          ]
        }
      ]
    },
    {
      "mode": "managed",
      "type": "aws_autoscaling_group",
      "name": "nginx_asg",
      "provider": "provider[\"registry.terraform.io/hashicorp/aws\"]",
      "instances": [
        {
          "schema_version": 0,
          "attributes": {
            "arn": "arn:aws:autoscaling:ap-southeast-1:011504625346:autoScalingGroup:9f9f8346-c3fc-43c6-96ff-586301b70c49:autoScalingGroupName/nginx_asg",
            "availability_zones": [
              "ap-southeast-1a",
              "ap-southeast-1b",
              "ap-southeast-1c"
            ],
            "capacity_rebalance": false,
            "context": "",
            "default_cooldown": 300,
            "default_instance_warmup": 0,
            "desired_capacity": 3,
            "desired_capacity_type": "",
            "enabled_metrics": [],
            "force_delete": false,
            "force_delete_warm_pool": false,
            "health_check_grace_period": 300,
            "health_check_type": "EC2",
            "id": "nginx_asg",
            "initial_lifecycle_hook": [],
            "instance_refresh": [],
            "launch_configuration": "nginx20230410124431147500000001",
            "launch_template": [],
            "load_balancers": [],
            "max_instance_lifetime": 0,
            "max_size": 3,
            "metrics_granularity": "1Minute",
            "min_elb_capacity": null,
            "min_size": 3,
            "mixed_instances_policy": [],
            "name": "nginx_asg",
            "name_prefix": "",
            "placement_group": "",
            "protect_from_scale_in": false,
            "service_linked_role_arn": "arn:aws:iam::011504625346:role/aws-service-role/autoscaling.amazonaws.com/AWSServiceRoleForAutoScaling",
            "suspended_processes": [],
            "tag": [],
            "tags": null,
            "target_group_arns": [],
            "termination_policies": [],
            "timeouts": null,
            "vpc_zone_identifier": [
              "subnet-00acfbebaf3eaa866",
              "subnet-0455b265e9f33d45a",
              "subnet-0d06904c17b8ca4eb"
            ],
            "wait_for_capacity_timeout": "10m",
            "wait_for_elb_capacity": null,
            "warm_pool": []
          },
          "sensitive_attributes": [],
          "private": "eyJlMmJmYjczMC1lY2FhLTExZTYtOGY4OC0zNDM2M2JjN2M0YzAiOnsiZGVsZXRlIjo2MDAwMDAwMDAwMDAsInVwZGF0ZSI6NjAwMDAwMDAwMDAwfX0=",
          "dependencies": [
            "aws_default_vpc.default",
            "aws_iam_instance_profile.nginx_profile",
            "aws_iam_policy.allow_s3_all",
            "aws_iam_role.allow_nginx_s3",
            "aws_launch_configuration.nginx",
            "aws_s3_bucket.web_bucket",
            "aws_security_group.sg_nginx",
            "aws_subnet.subnet1",
            "aws_subnet.subnet2",
            "aws_subnet.subnet3",
            "data.aws_availability_zones.available",
            "data.aws_ssm_parameter.ami",
            "data.template_file.user_data",
            "random_integer.random"
          ]
        }
      ]
    },
    {
      "mode": "managed",
      "type": "aws_default_vpc",
      "name": "default",
      "provider": "provider[\"registry.terraform.io/hashicorp/aws\"]",
      "instances": [
        {
          "schema_version": 1,
          "attributes": {
            "arn": "arn:aws:ec2:ap-southeast-1:011504625346:vpc/vpc-07a7e442599df1c24",
            "assign_generated_ipv6_cidr_block": false,
            "cidr_block": "172.31.0.0/16",
            "default_network_acl_id": "acl-0626c3617eae72c45",
            "default_route_table_id": "rtb-01a6df89c679919fb",
            "default_security_group_id": "sg-069438b1f3f13148d",
            "dhcp_options_id": "dopt-013670a38be2c906e",
            "enable_classiclink": false,
            "enable_classiclink_dns_support": false,
            "enable_dns_hostnames": true,
            "enable_dns_support": true,
            "enable_network_address_usage_metrics": false,
            "existing_default_vpc": true,
            "force_destroy": false,
            "id": "vpc-07a7e442599df1c24",
            "instance_tenancy": "default",
            "ipv6_association_id": "",
            "ipv6_cidr_block": "",
            "ipv6_cidr_block_network_border_group": "",
            "ipv6_ipam_pool_id": "",
            "ipv6_netmask_length": 0,
            "main_route_table_id": "rtb-01a6df89c679919fb",
            "owner_id": "011504625346",
            "tags": {
              "billing_code": "development-x101",
              "company": "toppan",
              "project": "toppan-web-app"
            },
            "tags_all": {
              "billing_code": "development-x101",
              "company": "toppan",
              "project": "toppan-web-app"
            }
          },
          "sensitive_attributes": [],
          "private": "eyJzY2hlbWFfdmVyc2lvbiI6IjEifQ=="
        }
      ]
    },
    {
      "mode": "managed",
      "type": "aws_iam_instance_profile",
      "name": "nginx_profile",
      "provider": "provider[\"registry.terraform.io/hashicorp/aws\"]",
      "instances": [
        {
          "schema_version": 0,
          "attributes": {
            "arn": "arn:aws:iam::011504625346:instance-profile/nginx_profile",
            "create_date": "2023-04-10T12:28:44Z",
            "id": "nginx_profile",
            "name": "nginx_profile",
            "name_prefix": "",
            "path": "/",
            "role": "allow-nginx-s3",
            "tags": {
              "billing_code": "development-x101",
              "company": "toppan",
              "project": "toppan-web-app"
            },
            "tags_all": {
              "billing_code": "development-x101",
              "company": "toppan",
              "project": "toppan-web-app"
            },
            "unique_id": "AIPAQFLN2U3BHYQJPVVWJ"
          },
          "sensitive_attributes": [],
          "private": "bnVsbA==",
          "dependencies": [
            "aws_iam_role.allow_nginx_s3"
          ]
        }
      ]
    },
    {
      "mode": "managed",
      "type": "aws_iam_policy",
      "name": "allow_s3_all",
      "provider": "provider[\"registry.terraform.io/hashicorp/aws\"]",
      "instances": [
        {
          "schema_version": 0,
          "attributes": {
            "arn": "arn:aws:iam::011504625346:policy/allow-s3-all",
            "description": "",
            "id": "arn:aws:iam::011504625346:policy/allow-s3-all",
            "name": "allow-s3-all",
            "name_prefix": "",
            "path": "/",
            "policy": "{\"Id\":\" \",\"Statement\":[{\"Action\":[\"s3:ListBucket\"],\"Effect\":\"Allow\",\"Resource\":[\"arn:aws:s3:::projecttoppan-47462\"]},{\"Action\":[\"s3:GetObject\"],\"Effect\":\"Allow\",\"Resource\":[\"arn:aws:s3:::projecttoppan-47462/*\"]}],\"Version\":\"2012-10-17\"}",
            "policy_id": "ANPAQFLN2U3BB6OXP3TUJ",
            "tags": {},
            "tags_all": {}
          },
          "sensitive_attributes": [],
          "private": "bnVsbA=="
        }
      ]
    },
    {
      "mode": "managed",
      "type": "aws_internet_gateway",
      "name": "igw",
      "provider": "provider[\"registry.terraform.io/hashicorp/aws\"]",
      "instances": [
        {
          "schema_version": 0,
          "attributes": {
            "arn": "arn:aws:ec2:ap-southeast-1:011504625346:internet-gateway/igw-0e758e13e37960f73",
            "id": "igw-0e758e13e37960f73",
            "owner_id": "011504625346",
            "tags": {
              "billing_code": "development-x101",
              "company": "toppan",
              "project": "toppan-web-app"
            },
            "tags_all": {
              "billing_code": "development-x101",
              "company": "toppan",
              "project": "toppan-web-app"
            },
            "timeouts": null,
            "vpc_id": "vpc-07a7e442599df1c24"
          },
          "sensitive_attributes": [],
          "private": "eyJlMmJmYjczMC1lY2FhLTExZTYtOGY4OC0zNDM2M2JjN2M0YzAiOnsiY3JlYXRlIjoxMjAwMDAwMDAwMDAwLCJkZWxldGUiOjEyMDAwMDAwMDAwMDAsInVwZGF0ZSI6MTIwMDAwMDAwMDAwMH19",
          "dependencies": [
            "aws_default_vpc.default"
          ]
        }
      ]
    },
    {
      "mode": "managed",
      "type": "aws_launch_configuration",
      "name": "nginx",
      "provider": "provider[\"registry.terraform.io/hashicorp/aws\"]",
      "instances": [
        {
          "schema_version": 0,
          "attributes": {
            "arn": "arn:aws:autoscaling:ap-southeast-1:011504625346:launchConfiguration:762cec81-ab7e-4b6d-bc85-e67ea73fa71b:launchConfigurationName/nginx20230410124431147500000001",
            "associate_public_ip_address": true,
            "ebs_block_device": [],
            "ebs_optimized": false,
            "enable_monitoring": true,
            "ephemeral_block_device": [],
            "iam_instance_profile": "nginx_profile",
            "id": "nginx20230410124431147500000001",
            "image_id": "ami-0fa35f2ec602fa168",
            "instance_type": "t2.micro",
            "key_name": "",
            "metadata_options": [],
            "name": "nginx20230410124431147500000001",
            "name_prefix": "nginx",
            "placement_tenancy": "",
            "root_block_device": [
              {
                "delete_on_termination": true,
                "encrypted": false,
                "iops": 0,
                "throughput": 0,
                "volume_size": 8,
                "volume_type": ""
              }
            ],
            "security_groups": [
              "sg-0db551d3e59b60b59"
            ],
            "spot_price": "",
            "user_data": "96d31ef739dd52d50700ca46864da57308c008ef",
            "user_data_base64": null,
            "vpc_classic_link_id": "",
            "vpc_classic_link_security_groups": []
          },
          "sensitive_attributes": [],
          "private": "bnVsbA==",
          "dependencies": [
            "aws_default_vpc.default",
            "aws_iam_instance_profile.nginx_profile",
            "aws_iam_policy.allow_s3_all",
            "aws_iam_role.allow_nginx_s3",
            "aws_s3_bucket.web_bucket",
            "aws_security_group.sg_nginx",
            "data.aws_ssm_parameter.ami",
            "data.template_file.user_data",
            "random_integer.random"
          ]
        }
      ]
    },
    {
      "mode": "managed",
      "type": "aws_lb",
      "name": "nginx",
      "provider": "provider[\"registry.terraform.io/hashicorp/aws\"]",
      "instances": [
        {
          "schema_version": 0,
          "attributes": {
            "access_logs": [
              {
                "bucket": "",
                "enabled": false,
                "prefix": ""
              }
            ],
            "arn": "arn:aws:elasticloadbalancing:ap-southeast-1:011504625346:loadbalancer/app/nginx-web-alb/70d7495d6938dca0",
            "arn_suffix": "app/nginx-web-alb/70d7495d6938dca0",
            "customer_owned_ipv4_pool": "",
            "desync_mitigation_mode": "defensive",
            "dns_name": "nginx-web-alb-163491784.ap-southeast-1.elb.amazonaws.com",
            "drop_invalid_header_fields": false,
            "enable_cross_zone_load_balancing": true,
            "enable_deletion_protection": false,
            "enable_http2": true,
            "enable_tls_version_and_cipher_suite_headers": false,
            "enable_waf_fail_open": false,
            "enable_xff_client_port": false,
            "id": "arn:aws:elasticloadbalancing:ap-southeast-1:011504625346:loadbalancer/app/nginx-web-alb/70d7495d6938dca0",
            "idle_timeout": 60,
            "internal": false,
            "ip_address_type": "ipv4",
            "load_balancer_type": "application",
            "name": "nginx-web-alb",
            "name_prefix": null,
            "preserve_host_header": false,
            "security_groups": [
              "sg-0a881a3c1e946f38b"
            ],
            "subnet_mapping": [
              {
                "allocation_id": "",
                "ipv6_address": "",
                "outpost_id": "",
                "private_ipv4_address": "",
                "subnet_id": "subnet-00acfbebaf3eaa866"
              },
              {
                "allocation_id": "",
                "ipv6_address": "",
                "outpost_id": "",
                "private_ipv4_address": "",
                "subnet_id": "subnet-0455b265e9f33d45a"
              },
              {
                "allocation_id": "",
                "ipv6_address": "",
                "outpost_id": "",
                "private_ipv4_address": "",
                "subnet_id": "subnet-0d06904c17b8ca4eb"
              }
            ],
            "subnets": [
              "subnet-00acfbebaf3eaa866",
              "subnet-0455b265e9f33d45a",
              "subnet-0d06904c17b8ca4eb"
            ],
            "tags": {
              "billing_code": "development-x101",
              "company": "toppan",
              "project": "toppan-web-app"
            },
            "tags_all": {
              "billing_code": "development-x101",
              "company": "toppan",
              "project": "toppan-web-app"
            },
            "timeouts": null,
            "vpc_id": "vpc-07a7e442599df1c24",
            "xff_header_processing_mode": "append",
            "zone_id": "Z1LMS91P8CMLE5"
          },
          "sensitive_attributes": [],
          "private": "eyJlMmJmYjczMC1lY2FhLTExZTYtOGY4OC0zNDM2M2JjN2M0YzAiOnsiY3JlYXRlIjo2MDAwMDAwMDAwMDAsImRlbGV0ZSI6NjAwMDAwMDAwMDAwLCJ1cGRhdGUiOjYwMDAwMDAwMDAwMH19",
          "dependencies": [
            "aws_default_vpc.default",
            "aws_security_group.sg_alb",
            "aws_subnet.subnet1",
            "aws_subnet.subnet2",
            "aws_subnet.subnet3",
            "data.aws_availability_zones.available"
          ]
        }
      ]
    },
    {
      "mode": "managed",
      "type": "aws_lb_listener",
      "name": "nginx",
      "provider": "provider[\"registry.terraform.io/hashicorp/aws\"]",
      "instances": [
        {
          "schema_version": 0,
          "attributes": {
            "alpn_policy": null,
            "arn": "arn:aws:elasticloadbalancing:ap-southeast-1:011504625346:listener/app/nginx-web-alb/70d7495d6938dca0/197ecf51aaa96e14",
            "certificate_arn": null,
            "default_action": [
              {
                "authenticate_cognito": [],
                "authenticate_oidc": [],
                "fixed_response": [],
                "forward": [],
                "order": 1,
                "redirect": [],
                "target_group_arn": "arn:aws:elasticloadbalancing:ap-southeast-1:011504625346:targetgroup/nginx-alb-tg/f9fc4169a34954a8",
                "type": "forward"
              }
            ],
            "id": "arn:aws:elasticloadbalancing:ap-southeast-1:011504625346:listener/app/nginx-web-alb/70d7495d6938dca0/197ecf51aaa96e14",
            "load_balancer_arn": "arn:aws:elasticloadbalancing:ap-southeast-1:011504625346:loadbalancer/app/nginx-web-alb/70d7495d6938dca0",
            "port": 80,
            "protocol": "HTTP",
            "ssl_policy": "",
            "tags": {},
            "tags_all": {},
            "timeouts": null
          },
          "sensitive_attributes": [],
          "private": "eyJlMmJmYjczMC1lY2FhLTExZTYtOGY4OC0zNDM2M2JjN2M0YzAiOnsicmVhZCI6NjAwMDAwMDAwMDAwfX0=",
          "dependencies": [
            "aws_default_vpc.default",
            "aws_lb.nginx",
            "aws_lb_target_group.nginx",
            "aws_security_group.sg_alb",
            "aws_subnet.subnet1",
            "aws_subnet.subnet2",
            "aws_subnet.subnet3",
            "data.aws_availability_zones.available"
          ]
        }
      ]
    },
    {
      "mode": "managed",
      "type": "aws_lb_target_group",
      "name": "nginx",
      "provider": "provider[\"registry.terraform.io/hashicorp/aws\"]",
      "instances": [
        {
          "schema_version": 0,
          "attributes": {
            "arn": "arn:aws:elasticloadbalancing:ap-southeast-1:011504625346:targetgroup/nginx-alb-tg/f9fc4169a34954a8",
            "arn_suffix": "targetgroup/nginx-alb-tg/f9fc4169a34954a8",
            "connection_termination": false,
            "deregistration_delay": "300",
            "health_check": [
              {
                "enabled": true,
                "healthy_threshold": 2,
                "interval": 30,
                "matcher": "200",
                "path": "/",
                "port": "traffic-port",
                "protocol": "HTTP",
                "timeout": 5,
                "unhealthy_threshold": 2
              }
            ],
            "id": "arn:aws:elasticloadbalancing:ap-southeast-1:011504625346:targetgroup/nginx-alb-tg/f9fc4169a34954a8",
            "ip_address_type": "ipv4",
            "lambda_multi_value_headers_enabled": false,
            "load_balancing_algorithm_type": "round_robin",
            "load_balancing_cross_zone_enabled": "use_load_balancer_configuration",
            "name": "nginx-alb-tg",
            "name_prefix": null,
            "port": 80,
            "preserve_client_ip": null,
            "protocol": "HTTP",
            "protocol_version": "HTTP1",
            "proxy_protocol_v2": false,
            "slow_start": 0,
            "stickiness": [
              {
                "cookie_duration": 86400,
                "cookie_name": "",
                "enabled": false,
                "type": "lb_cookie"
              }
            ],
            "tags": {
              "billing_code": "development-x101",
              "company": "toppan",
              "project": "toppan-web-app"
            },
            "tags_all": {
              "billing_code": "development-x101",
              "company": "toppan",
              "project": "toppan-web-app"
            },
            "target_failover": [
              {
                "on_deregistration": null,
                "on_unhealthy": null
              }
            ],
            "target_type": "instance",
            "vpc_id": "vpc-07a7e442599df1c24"
          },
          "sensitive_attributes": [],
          "private": "bnVsbA==",
          "dependencies": [
            "aws_default_vpc.default"
          ]
        }
      ]
    },
    {
      "mode": "managed",
      "type": "aws_route_table",
      "name": "rtb",
      "provider": "provider[\"registry.terraform.io/hashicorp/aws\"]",
      "instances": [
        {
          "schema_version": 0,
          "attributes": {
            "arn": "arn:aws:ec2:ap-southeast-1:011504625346:route-table/rtb-09a3b41c6576de67f",
            "id": "rtb-09a3b41c6576de67f",
            "owner_id": "011504625346",
            "propagating_vgws": [],
            "route": [
              {
                "carrier_gateway_id": "",
                "cidr_block": "0.0.0.0/0",
                "core_network_arn": "",
                "destination_prefix_list_id": "",
                "egress_only_gateway_id": "",
                "gateway_id": "igw-0e758e13e37960f73",
                "instance_id": "",
                "ipv6_cidr_block": "",
                "local_gateway_id": "",
                "nat_gateway_id": "",
                "network_interface_id": "",
                "transit_gateway_id": "",
                "vpc_endpoint_id": "",
                "vpc_peering_connection_id": ""
              }
            ],
            "tags": {
              "billing_code": "development-x101",
              "company": "toppan",
              "project": "toppan-web-app"
            },
            "tags_all": {
              "billing_code": "development-x101",
              "company": "toppan",
              "project": "toppan-web-app"
            },
            "timeouts": null,
            "vpc_id": "vpc-07a7e442599df1c24"
          },
          "sensitive_attributes": [],
          "private": "eyJlMmJmYjczMC1lY2FhLTExZTYtOGY4OC0zNDM2M2JjN2M0YzAiOnsiY3JlYXRlIjozMDAwMDAwMDAwMDAsImRlbGV0ZSI6MzAwMDAwMDAwMDAwLCJ1cGRhdGUiOjEyMDAwMDAwMDAwMH19",
          "dependencies": [
            "aws_default_vpc.default",
            "aws_internet_gateway.igw"
          ]
        }
      ]
    },
    {
      "mode": "managed",
      "type": "aws_route_table_association",
      "name": "rta-subnet1",
      "provider": "provider[\"registry.terraform.io/hashicorp/aws\"]",
      "instances": [
        {
          "schema_version": 0,
          "attributes": {
            "gateway_id": "",
            "id": "rtbassoc-02006846a666a39b5",
            "route_table_id": "rtb-09a3b41c6576de67f",
            "subnet_id": "subnet-0d06904c17b8ca4eb"
          },
          "sensitive_attributes": [],
          "private": "bnVsbA==",
          "dependencies": [
            "aws_default_vpc.default",
            "aws_internet_gateway.igw",
            "aws_route_table.rtb",
            "aws_subnet.subnet1",
            "data.aws_availability_zones.available"
          ]
        }
      ]
    },
    {
      "mode": "managed",
      "type": "aws_route_table_association",
      "name": "rta-subnet2",
      "provider": "provider[\"registry.terraform.io/hashicorp/aws\"]",
      "instances": [
        {
          "schema_version": 0,
          "attributes": {
            "gateway_id": "",
            "id": "rtbassoc-0fb968cc0d5702a63",
            "route_table_id": "rtb-09a3b41c6576de67f",
            "subnet_id": "subnet-0455b265e9f33d45a"
          },
          "sensitive_attributes": [],
          "private": "bnVsbA==",
          "dependencies": [
            "aws_default_vpc.default",
            "aws_internet_gateway.igw",
            "aws_route_table.rtb",
            "aws_subnet.subnet2",
            "data.aws_availability_zones.available"
          ]
        }
      ]
    },
    {
      "mode": "managed",
      "type": "aws_route_table_association",
      "name": "rta-subnet3",
      "provider": "provider[\"registry.terraform.io/hashicorp/aws\"]",
      "instances": [
        {
          "schema_version": 0,
          "attributes": {
            "gateway_id": "",
            "id": "rtbassoc-0b56ba9c41fec896a",
            "route_table_id": "rtb-09a3b41c6576de67f",
            "subnet_id": "subnet-00acfbebaf3eaa866"
          },
          "sensitive_attributes": [],
          "private": "bnVsbA==",
          "dependencies": [
            "aws_default_vpc.default",
            "aws_internet_gateway.igw",
            "aws_route_table.rtb",
            "aws_subnet.subnet3",
            "data.aws_availability_zones.available"
          ]
        }
      ]
    },
    {
      "mode": "managed",
      "type": "aws_s3_bucket",
      "name": "web_bucket",
      "provider": "provider[\"registry.terraform.io/hashicorp/aws\"]",
      "instances": [
        {
          "schema_version": 0,
          "attributes": {
            "acceleration_status": "",
            "acl": null,
            "arn": "arn:aws:s3:::projecttoppan-47462",
            "bucket": "projecttoppan-47462",
            "bucket_domain_name": "projecttoppan-47462.s3.amazonaws.com",
            "bucket_prefix": "",
            "bucket_regional_domain_name": "projecttoppan-47462.s3.ap-southeast-1.amazonaws.com",
            "cors_rule": [],
            "force_destroy": true,
            "grant": [
              {
                "id": "",
                "permissions": [
                  "READ"
                ],
                "type": "Group",
                "uri": "http://acs.amazonaws.com/groups/global/AllUsers"
              },
              {
                "id": "7a4c36d96fbc3abeda1e0adab39f2cb54bd9362db94a05f414a62fcaa8152449",
                "permissions": [
                  "FULL_CONTROL"
                ],
                "type": "CanonicalUser",
                "uri": ""
              }
            ],
            "hosted_zone_id": "Z3O0J2DXBE1FTB",
            "id": "projecttoppan-47462",
            "lifecycle_rule": [],
            "logging": [],
            "object_lock_configuration": [],
            "object_lock_enabled": false,
            "policy": "",
            "region": "ap-southeast-1",
            "replication_configuration": [],
            "request_payer": "BucketOwner",
            "server_side_encryption_configuration": [
              {
                "rule": [
                  {
                    "apply_server_side_encryption_by_default": [
                      {
                        "kms_master_key_id": "",
                        "sse_algorithm": "AES256"
                      }
                    ],
                    "bucket_key_enabled": false
                  }
                ]
              }
            ],
            "tags": {
              "billing_code": "development-x101",
              "company": "toppan",
              "project": "toppan-web-app"
            },
            "tags_all": {
              "billing_code": "development-x101",
              "company": "toppan",
              "project": "toppan-web-app"
            },
            "timeouts": null,
            "versioning": [
              {
                "enabled": false,
                "mfa_delete": false
              }
            ],
            "website": [],
            "website_domain": null,
            "website_endpoint": null
          },
          "sensitive_attributes": [],
          "private": "eyJlMmJmYjczMC1lY2FhLTExZTYtOGY4OC0zNDM2M2JjN2M0YzAiOnsiY3JlYXRlIjoxMjAwMDAwMDAwMDAwLCJkZWxldGUiOjM2MDAwMDAwMDAwMDAsInJlYWQiOjEyMDAwMDAwMDAwMDAsInVwZGF0ZSI6MTIwMDAwMDAwMDAwMH19",
          "dependencies": [
            "random_integer.random"
          ]
        }
      ]
    },
    {
      "mode": "managed",
      "type": "aws_s3_bucket_acl",
      "name": "web_bucket_acl",
      "provider": "provider[\"registry.terraform.io/hashicorp/aws\"]",
      "instances": [
        {
          "schema_version": 0,
          "attributes": {
            "access_control_policy": [
              {
                "grant": [
                  {
                    "grantee": [
                      {
                        "display_name": "",
                        "email_address": "",
                        "id": "",
                        "type": "Group",
                        "uri": "http://acs.amazonaws.com/groups/global/AllUsers"
                      }
                    ],
                    "permission": "READ"
                  },
                  {
                    "grantee": [
                      {
                        "display_name": "prasanna.yerragunta",
                        "email_address": "",
                        "id": "7a4c36d96fbc3abeda1e0adab39f2cb54bd9362db94a05f414a62fcaa8152449",
                        "type": "CanonicalUser",
                        "uri": ""
                      }
                    ],
                    "permission": "FULL_CONTROL"
                  }
                ],
                "owner": [
                  {
                    "display_name": "prasanna.yerragunta",
                    "id": "7a4c36d96fbc3abeda1e0adab39f2cb54bd9362db94a05f414a62fcaa8152449"
                  }
                ]
              }
            ],
            "acl": "public-read",
            "bucket": "projecttoppan-47462",
            "expected_bucket_owner": "",
            "id": "projecttoppan-47462,public-read"
          },
          "sensitive_attributes": [],
          "private": "bnVsbA==",
          "dependencies": [
            "aws_s3_bucket.web_bucket",
            "random_integer.random"
          ]
        }
      ]
    },
    {
      "mode": "managed",
      "type": "aws_s3_object",
      "name": "app",
      "provider": "provider[\"registry.terraform.io/hashicorp/aws\"]",
      "instances": [
        {
          "schema_version": 0,
          "attributes": {
            "acl": "private",
            "bucket": "projecttoppan-47462",
            "bucket_key_enabled": false,
            "cache_control": "",
            "content": null,
            "content_base64": null,
            "content_disposition": "",
            "content_encoding": "",
            "content_language": "",
            "content_type": "application/javascript",
            "etag": "287681e0677e20aa821cbb0e97839a7a",
            "force_destroy": false,
            "id": "/website/app.js",
            "key": "/website/app.js",
            "kms_key_id": null,
            "metadata": {},
            "object_lock_legal_hold_status": "",
            "object_lock_mode": "",
            "object_lock_retain_until_date": "",
            "server_side_encryption": "AES256",
            "source": "./website/app.js",
            "source_hash": null,
            "storage_class": "STANDARD",
            "tags": {
              "billing_code": "development-x101",
              "company": "toppan",
              "project": "toppan-web-app"
            },
            "tags_all": {
              "billing_code": "development-x101",
              "company": "toppan",
              "project": "toppan-web-app"
            },
            "version_id": "",
            "website_redirect": ""
          },
          "sensitive_attributes": [],
          "private": "bnVsbA==",
          "dependencies": [
            "aws_s3_bucket.web_bucket",
            "random_integer.random"
          ]
        }
      ]
    },
    {
      "mode": "managed",
      "type": "aws_s3_object",
      "name": "index",
      "provider": "provider[\"registry.terraform.io/hashicorp/aws\"]",
      "instances": [
        {
          "schema_version": 0,
          "attributes": {
            "acl": "private",
            "bucket": "projecttoppan-47462",
            "bucket_key_enabled": false,
            "cache_control": "",
            "content": null,
            "content_base64": null,
            "content_disposition": "",
            "content_encoding": "",
            "content_language": "",
            "content_type": "text/html",
            "etag": "3d77239ddef1f4f2b582bcbf8c3b2668",
            "force_destroy": false,
            "id": "/website/index.html",
            "key": "/website/index.html",
            "kms_key_id": null,
            "metadata": {},
            "object_lock_legal_hold_status": "",
            "object_lock_mode": "",
            "object_lock_retain_until_date": "",
            "server_side_encryption": "AES256",
            "source": "./website/index.html",
            "source_hash": null,
            "storage_class": "STANDARD",
            "tags": {
              "billing_code": "development-x101",
              "company": "toppan",
              "project": "toppan-web-app"
            },
            "tags_all": {
              "billing_code": "development-x101",
              "company": "toppan",
              "project": "toppan-web-app"
            },
            "version_id": "",
            "website_redirect": ""
          },
          "sensitive_attributes": [],
          "private": "bnVsbA==",
          "dependencies": [
            "aws_s3_bucket.web_bucket",
            "random_integer.random"
          ]
        }
      ]
    },
    {
      "mode": "managed",
      "type": "aws_s3_object",
      "name": "style",
      "provider": "provider[\"registry.terraform.io/hashicorp/aws\"]",
      "instances": [
        {
          "schema_version": 0,
          "attributes": {
            "acl": "private",
            "bucket": "projecttoppan-47462",
            "bucket_key_enabled": false,
            "cache_control": "",
            "content": null,
            "content_base64": null,
            "content_disposition": "",
            "content_encoding": "",
            "content_language": "",
            "content_type": "text/css",
            "etag": "a32d1a830013be6435e6d76b1f6986f9",
            "force_destroy": false,
            "id": "/website/style.css",
            "key": "/website/style.css",
            "kms_key_id": null,
            "metadata": null,
            "object_lock_legal_hold_status": "",
            "object_lock_mode": "",
            "object_lock_retain_until_date": "",
            "server_side_encryption": "AES256",
            "source": "./website/style.css",
            "source_hash": null,
            "storage_class": "STANDARD",
            "tags": {
              "billing_code": "development-x101",
              "company": "toppan",
              "project": "toppan-web-app"
            },
            "tags_all": {
              "billing_code": "development-x101",
              "company": "toppan",
              "project": "toppan-web-app"
            },
            "version_id": "",
            "website_redirect": ""
          },
          "sensitive_attributes": [],
          "private": "bnVsbA==",
          "dependencies": [
            "aws_s3_bucket.web_bucket"
          ]
        }
      ]
    },
    {
      "mode": "managed",
      "type": "aws_security_group",
      "name": "sg_alb",
      "provider": "provider[\"registry.terraform.io/hashicorp/aws\"]",
      "instances": [
        {
          "schema_version": 1,
          "attributes": {
            "arn": "arn:aws:ec2:ap-southeast-1:011504625346:security-group/sg-0a881a3c1e946f38b",
            "description": "Managed by Terraform",
            "egress": [
              {
                "cidr_blocks": [
                  "0.0.0.0/0"
                ],
                "description": "",
                "from_port": 0,
                "ipv6_cidr_blocks": [],
                "prefix_list_ids": [],
                "protocol": "-1",
                "security_groups": [],
                "self": false,
                "to_port": 0
              }
            ],
            "id": "sg-0a881a3c1e946f38b",
            "ingress": [
              {
                "cidr_blocks": [
                  "0.0.0.0/0"
                ],
                "description": "",
                "from_port": 80,
                "ipv6_cidr_blocks": [],
                "prefix_list_ids": [],
                "protocol": "tcp",
                "security_groups": [],
                "self": false,
                "to_port": 80
              }
            ],
            "name": "nginx-alb-sg",
            "name_prefix": "",
            "owner_id": "011504625346",
            "revoke_rules_on_delete": false,
            "tags": {
              "billing_code": "development-x101",
              "company": "toppan",
              "project": "toppan-web-app"
            },
            "tags_all": {
              "billing_code": "development-x101",
              "company": "toppan",
              "project": "toppan-web-app"
            },
            "timeouts": null,
            "vpc_id": "vpc-07a7e442599df1c24"
          },
          "sensitive_attributes": [],
          "private": "eyJlMmJmYjczMC1lY2FhLTExZTYtOGY4OC0zNDM2M2JjN2M0YzAiOnsiY3JlYXRlIjo2MDAwMDAwMDAwMDAsImRlbGV0ZSI6OTAwMDAwMDAwMDAwfSwic2NoZW1hX3ZlcnNpb24iOiIxIn0=",
          "dependencies": [
            "aws_default_vpc.default"
          ]
        }
      ]
    },
    {
      "mode": "managed",
      "type": "aws_security_group",
      "name": "sg_nginx",
      "provider": "provider[\"registry.terraform.io/hashicorp/aws\"]",
      "instances": [
        {
          "schema_version": 1,
          "attributes": {
            "arn": "arn:aws:ec2:ap-southeast-1:011504625346:security-group/sg-0db551d3e59b60b59",
            "description": "Managed by Terraform",
            "egress": [
              {
                "cidr_blocks": [
                  "0.0.0.0/0"
                ],
                "description": "",
                "from_port": 0,
                "ipv6_cidr_blocks": [],
                "prefix_list_ids": [],
                "protocol": "-1",
                "security_groups": [],
                "self": false,
                "to_port": 0
              }
            ],
            "id": "sg-0db551d3e59b60b59",
            "ingress": [
              {
                "cidr_blocks": [
                  "0.0.0.0/0"
                ],
                "description": "",
                "from_port": 22,
                "ipv6_cidr_blocks": [],
                "prefix_list_ids": [],
                "protocol": "tcp",
                "security_groups": [],
                "self": false,
                "to_port": 22
              },
              {
                "cidr_blocks": [
                  "0.0.0.0/0"
                ],
                "description": "",
                "from_port": 80,
                "ipv6_cidr_blocks": [],
                "prefix_list_ids": [],
                "protocol": "tcp",
                "security_groups": [],
                "self": false,
                "to_port": 80
              }
            ],
            "name": "nginx-sg",
            "name_prefix": "",
            "owner_id": "011504625346",
            "revoke_rules_on_delete": false,
            "tags": {
              "billing_code": "development-x101",
              "company": "toppan",
              "project": "toppan-web-app"
            },
            "tags_all": {
              "billing_code": "development-x101",
              "company": "toppan",
              "project": "toppan-web-app"
            },
            "timeouts": null,
            "vpc_id": "vpc-07a7e442599df1c24"
          },
          "sensitive_attributes": [],
          "private": "eyJlMmJmYjczMC1lY2FhLTExZTYtOGY4OC0zNDM2M2JjN2M0YzAiOnsiY3JlYXRlIjo2MDAwMDAwMDAwMDAsImRlbGV0ZSI6OTAwMDAwMDAwMDAwfSwic2NoZW1hX3ZlcnNpb24iOiIxIn0=",
          "dependencies": [
            "aws_default_vpc.default"
          ]
        }
      ]
    },
    {
      "mode": "managed",
      "type": "aws_subnet",
      "name": "subnet1",
      "provider": "provider[\"registry.terraform.io/hashicorp/aws\"]",
      "instances": [
        {
          "schema_version": 1,
          "attributes": {
            "arn": "arn:aws:ec2:ap-southeast-1:011504625346:subnet/subnet-0d06904c17b8ca4eb",
            "assign_ipv6_address_on_creation": false,
            "availability_zone": "ap-southeast-1a",
            "availability_zone_id": "apse1-az2",
            "cidr_block": "172.31.6.0/24",
            "customer_owned_ipv4_pool": "",
            "enable_dns64": false,
            "enable_resource_name_dns_a_record_on_launch": false,
            "enable_resource_name_dns_aaaa_record_on_launch": false,
            "id": "subnet-0d06904c17b8ca4eb",
            "ipv6_cidr_block": "",
            "ipv6_cidr_block_association_id": "",
            "ipv6_native": false,
            "map_customer_owned_ip_on_launch": false,
            "map_public_ip_on_launch": false,
            "outpost_arn": "",
            "owner_id": "011504625346",
            "private_dns_hostname_type_on_launch": "ip-name",
            "tags": {
              "billing_code": "development-x101",
              "company": "toppan",
              "project": "toppan-web-app"
            },
            "tags_all": {
              "billing_code": "development-x101",
              "company": "toppan",
              "project": "toppan-web-app"
            },
            "timeouts": null,
            "vpc_id": "vpc-07a7e442599df1c24"
          },
          "sensitive_attributes": [],
          "private": "eyJlMmJmYjczMC1lY2FhLTExZTYtOGY4OC0zNDM2M2JjN2M0YzAiOnsiY3JlYXRlIjo2MDAwMDAwMDAwMDAsImRlbGV0ZSI6MTIwMDAwMDAwMDAwMH0sInNjaGVtYV92ZXJzaW9uIjoiMSJ9",
          "dependencies": [
            "aws_default_vpc.default",
            "data.aws_availability_zones.available"
          ]
        }
      ]
    },
    {
      "mode": "managed",
      "type": "aws_subnet",
      "name": "subnet2",
      "provider": "provider[\"registry.terraform.io/hashicorp/aws\"]",
      "instances": [
        {
          "schema_version": 1,
          "attributes": {
            "arn": "arn:aws:ec2:ap-southeast-1:011504625346:subnet/subnet-0455b265e9f33d45a",
            "assign_ipv6_address_on_creation": false,
            "availability_zone": "ap-southeast-1b",
            "availability_zone_id": "apse1-az1",
            "cidr_block": "172.31.7.0/24",
            "customer_owned_ipv4_pool": "",
            "enable_dns64": false,
            "enable_resource_name_dns_a_record_on_launch": false,
            "enable_resource_name_dns_aaaa_record_on_launch": false,
            "id": "subnet-0455b265e9f33d45a",
            "ipv6_cidr_block": "",
            "ipv6_cidr_block_association_id": "",
            "ipv6_native": false,
            "map_customer_owned_ip_on_launch": false,
            "map_public_ip_on_launch": false,
            "outpost_arn": "",
            "owner_id": "011504625346",
            "private_dns_hostname_type_on_launch": "ip-name",
            "tags": {
              "billing_code": "development-x101",
              "company": "toppan",
              "project": "toppan-web-app"
            },
            "tags_all": {
              "billing_code": "development-x101",
              "company": "toppan",
              "project": "toppan-web-app"
            },
            "timeouts": null,
            "vpc_id": "vpc-07a7e442599df1c24"
          },
          "sensitive_attributes": [],
          "private": "eyJlMmJmYjczMC1lY2FhLTExZTYtOGY4OC0zNDM2M2JjN2M0YzAiOnsiY3JlYXRlIjo2MDAwMDAwMDAwMDAsImRlbGV0ZSI6MTIwMDAwMDAwMDAwMH0sInNjaGVtYV92ZXJzaW9uIjoiMSJ9",
          "dependencies": [
            "aws_default_vpc.default",
            "data.aws_availability_zones.available"
          ]
        }
      ]
    },
    {
      "mode": "managed",
      "type": "aws_subnet",
      "name": "subnet3",
      "provider": "provider[\"registry.terraform.io/hashicorp/aws\"]",
      "instances": [
        {
          "schema_version": 1,
          "attributes": {
            "arn": "arn:aws:ec2:ap-southeast-1:011504625346:subnet/subnet-00acfbebaf3eaa866",
            "assign_ipv6_address_on_creation": false,
            "availability_zone": "ap-southeast-1c",
            "availability_zone_id": "apse1-az3",
            "cidr_block": "172.31.8.0/24",
            "customer_owned_ipv4_pool": "",
            "enable_dns64": false,
            "enable_resource_name_dns_a_record_on_launch": false,
            "enable_resource_name_dns_aaaa_record_on_launch": false,
            "id": "subnet-00acfbebaf3eaa866",
            "ipv6_cidr_block": "",
            "ipv6_cidr_block_association_id": "",
            "ipv6_native": false,
            "map_customer_owned_ip_on_launch": false,
            "map_public_ip_on_launch": false,
            "outpost_arn": "",
            "owner_id": "011504625346",
            "private_dns_hostname_type_on_launch": "ip-name",
            "tags": {
              "billing_code": "development-x101",
              "company": "toppan",
              "project": "toppan-web-app"
            },
            "tags_all": {
              "billing_code": "development-x101",
              "company": "toppan",
              "project": "toppan-web-app"
            },
            "timeouts": null,
            "vpc_id": "vpc-07a7e442599df1c24"
          },
          "sensitive_attributes": [],
          "private": "eyJlMmJmYjczMC1lY2FhLTExZTYtOGY4OC0zNDM2M2JjN2M0YzAiOnsiY3JlYXRlIjo2MDAwMDAwMDAwMDAsImRlbGV0ZSI6MTIwMDAwMDAwMDAwMH0sInNjaGVtYV92ZXJzaW9uIjoiMSJ9",
          "dependencies": [
            "aws_default_vpc.default",
            "data.aws_availability_zones.available"
          ]
        }
      ]
    },
    {
      "mode": "managed",
      "type": "random_integer",
      "name": "random",
      "provider": "provider[\"registry.terraform.io/hashicorp/random\"]",
      "instances": [
        {
          "schema_version": 0,
          "attributes": {
            "id": "47462",
            "keepers": null,
            "max": 99999,
            "min": 10000,
            "result": 47462,
            "seed": null
          },
          "sensitive_attributes": []
        }
      ]
    }
  ],
  "check_results": null
}
